{
  "version": 4,
  "terraform_version": "0.12.6",
  "serial": 41,
  "lineage": "36a112a2-7a08-a47b-8821-dda9f20803a9",
  "outputs": {
    "aws_profile": {
      "value": "default",
      "type": "string"
    },
    "deploy": {
      "value": "fargate service deploy -f docker-compose.yml",
      "type": "string"
    },
    "lb_dns": {
      "value": "gobananas-dev-725081321.us-east-1.elb.amazonaws.com",
      "type": "string"
    },
    "scale_out": {
      "value": "fargate service scale -h",
      "type": "string"
    },
    "scale_up": {
      "value": "fargate service update -h",
      "type": "string"
    },
    "status": {
      "value": "fargate service info",
      "type": "string"
    }
  },
  "resources": [
    {
      "mode": "data",
      "type": "aws_caller_identity",
      "name": "current",
      "provider": "provider.aws",
      "instances": [
        {
          "schema_version": 0,
          "attributes": {
            "account_id": "664970746922",
            "arn": "arn:aws:iam::664970746922:user/Jennifer",
            "id": "2019-08-01 23:26:54.3820266 +0000 UTC",
            "user_id": "AIDAZVU2YLQVA7TG7546K"
          }
        }
      ]
    },
    {
      "mode": "data",
      "type": "aws_elb_service_account",
      "name": "main",
      "provider": "provider.aws",
      "instances": [
        {
          "schema_version": 0,
          "attributes": {
            "arn": "arn:aws:iam::127311923021:root",
            "id": "127311923021",
            "region": null
          }
        }
      ]
    },
    {
      "mode": "data",
      "type": "aws_iam_policy_document",
      "name": "app_policy",
      "provider": "provider.aws",
      "instances": [
        {
          "schema_version": 0,
          "attributes": {
            "id": "427936744",
            "json": "{\n  \"Version\": \"2012-10-17\",\n  \"Statement\": [\n    {\n      \"Sid\": \"\",\n      \"Effect\": \"Allow\",\n      \"Action\": \"ecs:DescribeClusters\",\n      \"Resource\": \"arn:aws:ecs:us-east-1:664970746922:cluster/gobananas-dev\"\n    }\n  ]\n}",
            "override_json": null,
            "policy_id": null,
            "source_json": null,
            "statement": [
              {
                "actions": [
                  "ecs:DescribeClusters"
                ],
                "condition": [],
                "effect": "Allow",
                "not_actions": [],
                "not_principals": [],
                "not_resources": [],
                "principals": [],
                "resources": [
                  "arn:aws:ecs:us-east-1:664970746922:cluster/gobananas-dev"
                ],
                "sid": ""
              }
            ],
            "version": "2012-10-17"
          },
          "depends_on": [
            "aws_ecs_cluster.app"
          ]
        }
      ]
    },
    {
      "mode": "data",
      "type": "aws_iam_policy_document",
      "name": "app_role_assume_role_policy",
      "provider": "provider.aws",
      "instances": [
        {
          "schema_version": 0,
          "attributes": {
            "id": "320642683",
            "json": "{\n  \"Version\": \"2012-10-17\",\n  \"Statement\": [\n    {\n      \"Sid\": \"\",\n      \"Effect\": \"Allow\",\n      \"Action\": \"sts:AssumeRole\",\n      \"Principal\": {\n        \"Service\": \"ecs-tasks.amazonaws.com\"\n      }\n    }\n  ]\n}",
            "override_json": null,
            "policy_id": null,
            "source_json": null,
            "statement": [
              {
                "actions": [
                  "sts:AssumeRole"
                ],
                "condition": [],
                "effect": "Allow",
                "not_actions": [],
                "not_principals": [],
                "not_resources": [],
                "principals": [
                  {
                    "identifiers": [
                      "ecs-tasks.amazonaws.com"
                    ],
                    "type": "Service"
                  }
                ],
                "resources": [],
                "sid": ""
              }
            ],
            "version": "2012-10-17"
          }
        }
      ]
    },
    {
      "mode": "data",
      "type": "aws_iam_policy_document",
      "name": "assume_role_policy",
      "provider": "provider.aws",
      "instances": [
        {
          "schema_version": 0,
          "attributes": {
            "id": "320642683",
            "json": "{\n  \"Version\": \"2012-10-17\",\n  \"Statement\": [\n    {\n      \"Sid\": \"\",\n      \"Effect\": \"Allow\",\n      \"Action\": \"sts:AssumeRole\",\n      \"Principal\": {\n        \"Service\": \"ecs-tasks.amazonaws.com\"\n      }\n    }\n  ]\n}",
            "override_json": null,
            "policy_id": null,
            "source_json": null,
            "statement": [
              {
                "actions": [
                  "sts:AssumeRole"
                ],
                "condition": [],
                "effect": "Allow",
                "not_actions": [],
                "not_principals": [],
                "not_resources": [],
                "principals": [
                  {
                    "identifiers": [
                      "ecs-tasks.amazonaws.com"
                    ],
                    "type": "Service"
                  }
                ],
                "resources": [],
                "sid": ""
              }
            ],
            "version": "2012-10-17"
          }
        }
      ]
    },
    {
      "mode": "managed",
      "type": "aws_alb",
      "name": "main",
      "provider": "provider.aws",
      "instances": [
        {
          "schema_version": 0,
          "attributes": {
            "access_logs": [
              {
                "bucket": "gobananas-dev-lb-access-logs",
                "enabled": true,
                "prefix": ""
              }
            ],
            "arn": "arn:aws:elasticloadbalancing:us-east-1:664970746922:loadbalancer/app/gobananas-dev/875b0d6db44477ca",
            "arn_suffix": "app/gobananas-dev/875b0d6db44477ca",
            "dns_name": "gobananas-dev-725081321.us-east-1.elb.amazonaws.com",
            "enable_cross_zone_load_balancing": null,
            "enable_deletion_protection": false,
            "enable_http2": true,
            "id": "arn:aws:elasticloadbalancing:us-east-1:664970746922:loadbalancer/app/gobananas-dev/875b0d6db44477ca",
            "idle_timeout": 60,
            "internal": false,
            "ip_address_type": "ipv4",
            "load_balancer_type": "application",
            "name": "gobananas-dev",
            "name_prefix": null,
            "security_groups": [
              "sg-0b83cd53875b486a8"
            ],
            "subnet_mapping": [
              {
                "allocation_id": "",
                "subnet_id": "subnet-4bf51f06"
              },
              {
                "allocation_id": "",
                "subnet_id": "subnet-6cbed052"
              },
              {
                "allocation_id": "",
                "subnet_id": "subnet-7606212a"
              },
              {
                "allocation_id": "",
                "subnet_id": "subnet-7e022350"
              }
            ],
            "subnets": [
              "subnet-4bf51f06",
              "subnet-6cbed052",
              "subnet-7606212a",
              "subnet-7e022350"
            ],
            "tags": {
              "application": "gobananas",
              "environment": "dev"
            },
            "timeouts": null,
            "vpc_id": "vpc-e2daad98",
            "zone_id": "Z35SXDOTRQ7X7K"
          },
          "private": "eyJlMmJmYjczMC1lY2FhLTExZTYtOGY4OC0zNDM2M2JjN2M0YzAiOnsiY3JlYXRlIjo2MDAwMDAwMDAwMDAsImRlbGV0ZSI6NjAwMDAwMDAwMDAwLCJ1cGRhdGUiOjYwMDAwMDAwMDAwMH19",
          "depends_on": [
            "aws_s3_bucket.lb_access_logs",
            "aws_security_group.nsg_lb"
          ]
        }
      ]
    },
    {
      "mode": "managed",
      "type": "aws_alb_listener",
      "name": "http",
      "provider": "provider.aws",
      "instances": [
        {
          "schema_version": 0,
          "attributes": {
            "arn": "arn:aws:elasticloadbalancing:us-east-1:664970746922:listener/app/gobananas-dev/875b0d6db44477ca/c4d4fe7e21057277",
            "certificate_arn": null,
            "default_action": [
              {
                "authenticate_cognito": [],
                "authenticate_oidc": [],
                "fixed_response": [],
                "order": 1,
                "redirect": [],
                "target_group_arn": "arn:aws:elasticloadbalancing:us-east-1:664970746922:targetgroup/gobananas-dev/87c3c39192306f1a",
                "type": "forward"
              }
            ],
            "id": "arn:aws:elasticloadbalancing:us-east-1:664970746922:listener/app/gobananas-dev/875b0d6db44477ca/c4d4fe7e21057277",
            "load_balancer_arn": "arn:aws:elasticloadbalancing:us-east-1:664970746922:loadbalancer/app/gobananas-dev/875b0d6db44477ca",
            "port": 80,
            "protocol": "HTTP",
            "ssl_policy": "",
            "timeouts": null
          },
          "private": "eyJlMmJmYjczMC1lY2FhLTExZTYtOGY4OC0zNDM2M2JjN2M0YzAiOnsicmVhZCI6NjAwMDAwMDAwMDAwfX0=",
          "depends_on": [
            "aws_alb.main",
            "aws_alb_target_group.main"
          ]
        }
      ]
    },
    {
      "mode": "managed",
      "type": "aws_alb_target_group",
      "name": "main",
      "provider": "provider.aws",
      "instances": [
        {
          "schema_version": 0,
          "attributes": {
            "arn": "arn:aws:elasticloadbalancing:us-east-1:664970746922:targetgroup/gobananas-dev/87c3c39192306f1a",
            "arn_suffix": "targetgroup/gobananas-dev/87c3c39192306f1a",
            "deregistration_delay": 30,
            "health_check": [
              {
                "enabled": true,
                "healthy_threshold": 5,
                "interval": 30,
                "matcher": "200",
                "path": "/health",
                "port": "traffic-port",
                "protocol": "HTTP",
                "timeout": 10,
                "unhealthy_threshold": 5
              }
            ],
            "id": "arn:aws:elasticloadbalancing:us-east-1:664970746922:targetgroup/gobananas-dev/87c3c39192306f1a",
            "lambda_multi_value_headers_enabled": false,
            "name": "gobananas-dev",
            "name_prefix": null,
            "port": 80,
            "protocol": "HTTP",
            "proxy_protocol_v2": false,
            "slow_start": 0,
            "stickiness": [
              {
                "cookie_duration": 86400,
                "enabled": false,
                "type": "lb_cookie"
              }
            ],
            "tags": {
              "application": "gobananas",
              "environment": "dev"
            },
            "target_type": "ip",
            "vpc_id": "vpc-e2daad98"
          },
          "private": "bnVsbA=="
        }
      ]
    },
    {
      "mode": "managed",
      "type": "aws_appautoscaling_target",
      "name": "app_scale_target",
      "provider": "provider.aws",
      "instances": []
    },
    {
      "mode": "managed",
      "type": "aws_cloudwatch_log_group",
      "name": "logs",
      "provider": "provider.aws",
      "instances": [
        {
          "schema_version": 0,
          "attributes": {
            "arn": "arn:aws:logs:us-east-1:664970746922:log-group:/fargate/service/gobananas-dev:*",
            "id": "/fargate/service/gobananas-dev",
            "kms_key_id": "",
            "name": "/fargate/service/gobananas-dev",
            "name_prefix": null,
            "retention_in_days": 14,
            "tags": {
              "application": "gobananas",
              "environment": "dev"
            }
          },
          "private": "bnVsbA=="
        }
      ]
    },
    {
      "mode": "managed",
      "type": "aws_ecs_cluster",
      "name": "app",
      "provider": "provider.aws",
      "instances": [
        {
          "schema_version": 0,
          "attributes": {
            "arn": "arn:aws:ecs:us-east-1:664970746922:cluster/gobananas-dev",
            "id": "arn:aws:ecs:us-east-1:664970746922:cluster/gobananas-dev",
            "name": "gobananas-dev",
            "tags": {
              "application": "gobananas",
              "environment": "dev"
            }
          },
          "private": "bnVsbA=="
        }
      ]
    },
    {
      "mode": "managed",
      "type": "aws_ecs_task_definition",
      "name": "app",
      "provider": "provider.aws",
      "instances": [
        {
          "schema_version": 1,
          "attributes": {
            "arn": "arn:aws:ecs:us-east-1:664970746922:task-definition/gobananas-dev:1",
            "container_definitions": "[{\"cpu\":0,\"environment\":[{\"name\":\"PORT\",\"value\":\"8080\"},{\"name\":\"HEALTHCHECK\",\"value\":\"/health\"},{\"name\":\"ENABLE_LOGGING\",\"value\":\"false\"},{\"name\":\"PRODUCT\",\"value\":\"gobananas\"},{\"name\":\"ENVIRONMENT\",\"value\":\"dev\"}],\"essential\":true,\"image\":\"quay.io/turner/turner-defaultbackend:0.2.0\",\"logConfiguration\":{\"logDriver\":\"awslogs\",\"options\":{\"awslogs-group\":\"/fargate/service/gobananas-dev\",\"awslogs-region\":\"us-east-1\",\"awslogs-stream-prefix\":\"ecs\"}},\"mountPoints\":[],\"name\":\"app\",\"portMappings\":[{\"containerPort\":8080,\"hostPort\":8080,\"protocol\":\"tcp\"}],\"volumesFrom\":[]}]",
            "cpu": "256",
            "execution_role_arn": "arn:aws:iam::664970746922:role/gobananas-dev-ecs",
            "family": "gobananas-dev",
            "id": "gobananas-dev",
            "ipc_mode": null,
            "memory": "512",
            "network_mode": "awsvpc",
            "pid_mode": null,
            "placement_constraints": [],
            "proxy_configuration": [],
            "requires_compatibilities": [
              "FARGATE"
            ],
            "revision": 1,
            "tags": {
              "application": "gobananas",
              "environment": "dev"
            },
            "task_role_arn": "arn:aws:iam::664970746922:role/gobananas-dev",
            "volume": []
          },
          "private": "eyJzY2hlbWFfdmVyc2lvbiI6IjEifQ==",
          "depends_on": [
            "aws_iam_role.app_role",
            "aws_iam_role.ecsTaskExecutionRole"
          ]
        }
      ]
    },
    {
      "mode": "managed",
      "type": "aws_iam_role",
      "name": "app_role",
      "provider": "provider.aws",
      "instances": [
        {
          "schema_version": 0,
          "attributes": {
            "arn": "arn:aws:iam::664970746922:role/gobananas-dev",
            "assume_role_policy": "{\"Version\":\"2012-10-17\",\"Statement\":[{\"Sid\":\"\",\"Effect\":\"Allow\",\"Principal\":{\"Service\":\"ecs-tasks.amazonaws.com\"},\"Action\":\"sts:AssumeRole\"}]}",
            "create_date": "2019-08-01T23:27:00Z",
            "description": "",
            "force_detach_policies": false,
            "id": "gobananas-dev",
            "max_session_duration": 3600,
            "name": "gobananas-dev",
            "name_prefix": null,
            "path": "/",
            "permissions_boundary": null,
            "tags": null,
            "unique_id": "AROAZVU2YLQVFVNH7F2RQ"
          },
          "private": "bnVsbA==",
          "depends_on": [
            "data.aws_iam_policy_document.app_role_assume_role_policy"
          ]
        }
      ]
    },
    {
      "mode": "managed",
      "type": "aws_iam_role",
      "name": "ecsTaskExecutionRole",
      "provider": "provider.aws",
      "instances": [
        {
          "schema_version": 0,
          "attributes": {
            "arn": "arn:aws:iam::664970746922:role/gobananas-dev-ecs",
            "assume_role_policy": "{\"Version\":\"2012-10-17\",\"Statement\":[{\"Sid\":\"\",\"Effect\":\"Allow\",\"Principal\":{\"Service\":\"ecs-tasks.amazonaws.com\"},\"Action\":\"sts:AssumeRole\"}]}",
            "create_date": "2019-08-01T23:23:25Z",
            "description": "",
            "force_detach_policies": false,
            "id": "gobananas-dev-ecs",
            "max_session_duration": 3600,
            "name": "gobananas-dev-ecs",
            "name_prefix": null,
            "path": "/",
            "permissions_boundary": null,
            "tags": {},
            "unique_id": "AROAZVU2YLQVJMJ6SUCI6"
          },
          "private": "bnVsbA==",
          "depends_on": [
            "data.aws_iam_policy_document.assume_role_policy"
          ]
        }
      ]
    },
    {
      "mode": "managed",
      "type": "aws_iam_role_policy",
      "name": "app_policy",
      "provider": "provider.aws",
      "instances": [
        {
          "schema_version": 0,
          "attributes": {
            "id": "gobananas-dev:gobananas-dev",
            "name": "gobananas-dev",
            "name_prefix": null,
            "policy": "{\n  \"Version\": \"2012-10-17\",\n  \"Statement\": [\n    {\n      \"Sid\": \"\",\n      \"Effect\": \"Allow\",\n      \"Action\": \"ecs:DescribeClusters\",\n      \"Resource\": \"arn:aws:ecs:us-east-1:664970746922:cluster/gobananas-dev\"\n    }\n  ]\n}",
            "role": "gobananas-dev"
          },
          "private": "bnVsbA==",
          "depends_on": [
            "aws_iam_role.app_role",
            "data.aws_iam_policy_document.app_policy"
          ]
        }
      ]
    },
    {
      "mode": "managed",
      "type": "aws_iam_role_policy_attachment",
      "name": "ecsTaskExecutionRole_policy",
      "provider": "provider.aws",
      "instances": [
        {
          "schema_version": 0,
          "attributes": {
            "id": "gobananas-dev-ecs-20190801232328152200000001",
            "policy_arn": "arn:aws:iam::aws:policy/service-role/AmazonECSTaskExecutionRolePolicy",
            "role": "gobananas-dev-ecs"
          },
          "private": "bnVsbA==",
          "depends_on": [
            "aws_iam_role.ecsTaskExecutionRole"
          ]
        }
      ]
    },
    {
      "mode": "managed",
      "type": "aws_s3_bucket",
      "name": "lb_access_logs",
      "provider": "provider.aws",
      "instances": [
        {
          "schema_version": 0,
          "attributes": {
            "acceleration_status": "",
            "acl": "private",
            "arn": "arn:aws:s3:::gobananas-dev-lb-access-logs",
            "bucket": "gobananas-dev-lb-access-logs",
            "bucket_domain_name": "gobananas-dev-lb-access-logs.s3.amazonaws.com",
            "bucket_prefix": null,
            "bucket_regional_domain_name": "gobananas-dev-lb-access-logs.s3.amazonaws.com",
            "cors_rule": [],
            "force_destroy": true,
            "hosted_zone_id": "Z3AQBSTGFYJSTF",
            "id": "gobananas-dev-lb-access-logs",
            "lifecycle_rule": [
              {
                "abort_incomplete_multipart_upload_days": 1,
                "enabled": true,
                "expiration": [
                  {
                    "date": "",
                    "days": 3,
                    "expired_object_delete_marker": false
                  }
                ],
                "id": "cleanup",
                "noncurrent_version_expiration": [],
                "noncurrent_version_transition": [],
                "prefix": "",
                "tags": {},
                "transition": []
              }
            ],
            "logging": [],
            "object_lock_configuration": [],
            "policy": null,
            "region": "us-east-1",
            "replication_configuration": [],
            "request_payer": "BucketOwner",
            "server_side_encryption_configuration": [
              {
                "rule": [
                  {
                    "apply_server_side_encryption_by_default": [
                      {
                        "kms_master_key_id": "",
                        "sse_algorithm": "AES256"
                      }
                    ]
                  }
                ]
              }
            ],
            "tags": {
              "application": "gobananas",
              "environment": "dev"
            },
            "versioning": [
              {
                "enabled": false,
                "mfa_delete": false
              }
            ],
            "website": [],
            "website_domain": null,
            "website_endpoint": null
          },
          "private": "bnVsbA=="
        }
      ]
    },
    {
      "mode": "managed",
      "type": "aws_s3_bucket_policy",
      "name": "lb_access_logs",
      "provider": "provider.aws",
      "instances": [
        {
          "schema_version": 0,
          "attributes": {
            "bucket": "gobananas-dev-lb-access-logs",
            "id": "gobananas-dev-lb-access-logs",
            "policy": "{\"Version\":\"2012-10-17\",\"Id\":\"Policy\",\"Statement\":[{\"Effect\":\"Allow\",\"Principal\":{\"AWS\":\"arn:aws:iam::127311923021:root\"},\"Action\":\"s3:PutObject\",\"Resource\":[\"arn:aws:s3:::gobananas-dev-lb-access-logs\",\"arn:aws:s3:::gobananas-dev-lb-access-logs/*\"]}]}"
          },
          "private": "bnVsbA==",
          "depends_on": [
            "aws_s3_bucket.lb_access_logs",
            "data.aws_elb_service_account.main"
          ]
        }
      ]
    },
    {
      "mode": "managed",
      "type": "aws_security_group",
      "name": "nsg_lb",
      "provider": "provider.aws",
      "instances": [
        {
          "schema_version": 1,
          "attributes": {
            "arn": "arn:aws:ec2:us-east-1:664970746922:security-group/sg-0b83cd53875b486a8",
            "description": "Allow connections from external resources while limiting connections from gobananas-dev-lb to internal resources",
            "egress": [
              {
                "cidr_blocks": [],
                "description": "Only allow SG gobananas-dev-lb to connect to gobananas-dev-task on port 8080",
                "from_port": 8080,
                "ipv6_cidr_blocks": [],
                "prefix_list_ids": [],
                "protocol": "tcp",
                "security_groups": [
                  "sg-0b714e345bf2386aa"
                ],
                "self": false,
                "to_port": 8080
              }
            ],
            "id": "sg-0b83cd53875b486a8",
            "ingress": [
              {
                "cidr_blocks": [
                  "0.0.0.0/0"
                ],
                "description": "HTTP",
                "from_port": 80,
                "ipv6_cidr_blocks": [],
                "prefix_list_ids": [],
                "protocol": "tcp",
                "security_groups": [],
                "self": false,
                "to_port": 80
              }
            ],
            "name": "gobananas-dev-lb",
            "name_prefix": null,
            "owner_id": "664970746922",
            "revoke_rules_on_delete": false,
            "tags": {
              "application": "gobananas",
              "environment": "dev"
            },
            "timeouts": null,
            "vpc_id": "vpc-e2daad98"
          },
          "private": "eyJlMmJmYjczMC1lY2FhLTExZTYtOGY4OC0zNDM2M2JjN2M0YzAiOnsiY3JlYXRlIjo2MDAwMDAwMDAwMDAsImRlbGV0ZSI6NjAwMDAwMDAwMDAwfSwic2NoZW1hX3ZlcnNpb24iOiIxIn0="
        }
      ]
    },
    {
      "mode": "managed",
      "type": "aws_security_group",
      "name": "nsg_task",
      "provider": "provider.aws",
      "instances": [
        {
          "schema_version": 1,
          "attributes": {
            "arn": "arn:aws:ec2:us-east-1:664970746922:security-group/sg-0b714e345bf2386aa",
            "description": "Limit connections from internal resources while allowing gobananas-dev-task to connect to all external resources",
            "egress": [
              {
                "cidr_blocks": [
                  "0.0.0.0/0"
                ],
                "description": "Allows task to establish connections to all resources",
                "from_port": 0,
                "ipv6_cidr_blocks": [],
                "prefix_list_ids": [],
                "protocol": "-1",
                "security_groups": [],
                "self": false,
                "to_port": 0
              }
            ],
            "id": "sg-0b714e345bf2386aa",
            "ingress": [
              {
                "cidr_blocks": [],
                "description": "Only allow connections from SG gobananas-dev-lb on port 8080",
                "from_port": 8080,
                "ipv6_cidr_blocks": [],
                "prefix_list_ids": [],
                "protocol": "tcp",
                "security_groups": [
                  "sg-0b83cd53875b486a8"
                ],
                "self": false,
                "to_port": 8080
              }
            ],
            "name": "gobananas-dev-task",
            "name_prefix": null,
            "owner_id": "664970746922",
            "revoke_rules_on_delete": false,
            "tags": {
              "application": "gobananas",
              "environment": "dev"
            },
            "timeouts": null,
            "vpc_id": "vpc-e2daad98"
          },
          "private": "eyJlMmJmYjczMC1lY2FhLTExZTYtOGY4OC0zNDM2M2JjN2M0YzAiOnsiY3JlYXRlIjo2MDAwMDAwMDAwMDAsImRlbGV0ZSI6NjAwMDAwMDAwMDAwfSwic2NoZW1hX3ZlcnNpb24iOiIxIn0="
        }
      ]
    },
    {
      "mode": "managed",
      "type": "aws_security_group_rule",
      "name": "ingress_lb_http",
      "provider": "provider.aws",
      "instances": [
        {
          "schema_version": 2,
          "attributes": {
            "cidr_blocks": [
              "0.0.0.0/0"
            ],
            "description": "HTTP",
            "from_port": 80,
            "id": "sgrule-3942379160",
            "ipv6_cidr_blocks": [],
            "prefix_list_ids": [],
            "protocol": "tcp",
            "security_group_id": "sg-0b83cd53875b486a8",
            "self": false,
            "source_security_group_id": null,
            "to_port": 80,
            "type": "ingress"
          },
          "private": "eyJzY2hlbWFfdmVyc2lvbiI6IjIifQ==",
          "depends_on": [
            "aws_security_group.nsg_lb"
          ]
        }
      ]
    },
    {
      "mode": "managed",
      "type": "aws_security_group_rule",
      "name": "nsg_lb_egress_rule",
      "provider": "provider.aws",
      "instances": [
        {
          "schema_version": 2,
          "attributes": {
            "cidr_blocks": [],
            "description": "Only allow SG gobananas-dev-lb to connect to gobananas-dev-task on port 8080",
            "from_port": 8080,
            "id": "sgrule-2497658496",
            "ipv6_cidr_blocks": [],
            "prefix_list_ids": [],
            "protocol": "tcp",
            "security_group_id": "sg-0b83cd53875b486a8",
            "self": false,
            "source_security_group_id": "sg-0b714e345bf2386aa",
            "to_port": 8080,
            "type": "egress"
          },
          "private": "eyJzY2hlbWFfdmVyc2lvbiI6IjIifQ==",
          "depends_on": [
            "aws_security_group.nsg_lb",
            "aws_security_group.nsg_task"
          ]
        }
      ]
    },
    {
      "mode": "managed",
      "type": "aws_security_group_rule",
      "name": "nsg_task_egress_rule",
      "provider": "provider.aws",
      "instances": [
        {
          "schema_version": 2,
          "attributes": {
            "cidr_blocks": [
              "0.0.0.0/0"
            ],
            "description": "Allows task to establish connections to all resources",
            "from_port": 0,
            "id": "sgrule-1093273899",
            "ipv6_cidr_blocks": [],
            "prefix_list_ids": [],
            "protocol": "-1",
            "security_group_id": "sg-0b714e345bf2386aa",
            "self": false,
            "source_security_group_id": null,
            "to_port": 0,
            "type": "egress"
          },
          "private": "eyJzY2hlbWFfdmVyc2lvbiI6IjIifQ==",
          "depends_on": [
            "aws_security_group.nsg_task"
          ]
        }
      ]
    },
    {
      "mode": "managed",
      "type": "aws_security_group_rule",
      "name": "nsg_task_ingress_rule",
      "provider": "provider.aws",
      "instances": [
        {
          "schema_version": 2,
          "attributes": {
            "cidr_blocks": [],
            "description": "Only allow connections from SG gobananas-dev-lb on port 8080",
            "from_port": 8080,
            "id": "sgrule-1591264541",
            "ipv6_cidr_blocks": [],
            "prefix_list_ids": [],
            "protocol": "tcp",
            "security_group_id": "sg-0b714e345bf2386aa",
            "self": false,
            "source_security_group_id": "sg-0b83cd53875b486a8",
            "to_port": 8080,
            "type": "ingress"
          },
          "private": "eyJzY2hlbWFfdmVyc2lvbiI6IjIifQ==",
          "depends_on": [
            "aws_security_group.nsg_lb",
            "aws_security_group.nsg_task"
          ]
        }
      ]
    }
  ]
}
